{
  "name": "dusp",
  "version": "1.0.3",
  "lockfileVersion": 1,
  "requires": true,
  "dependencies": {
    "asap": {
      "version": "2.0.6",
      "resolved": "https://registry.npmjs.org/asap/-/asap-2.0.6.tgz",
      "integrity": "sha1-5QNHYR1+aQlDIIu9r+vLwvuGbUY="
    },
    "atob-lite": {
      "version": "1.0.0",
      "resolved": "https://registry.npmjs.org/atob-lite/-/atob-lite-1.0.0.tgz",
      "integrity": "sha1-uI3KYAaSK5YglPdVaCa6sxxKKWs="
    },
    "audio-buffer": {
      "version": "4.0.4",
      "resolved": "https://registry.npmjs.org/audio-buffer/-/audio-buffer-4.0.4.tgz",
      "integrity": "sha512-phH+MR3G+N/PO5ZKKxx7HlU6vJwAJFa0+FCaTjr/4lUZU/RCjUTqlk3nMJTRy5+b+6cbx8m//EtwZOVI5Ht9+w==",
      "requires": {
        "audio-context": "^1.0.0"
      }
    },
    "audio-buffer-list": {
      "version": "2.0.7",
      "resolved": "https://registry.npmjs.org/audio-buffer-list/-/audio-buffer-list-2.0.7.tgz",
      "integrity": "sha1-iL5ug1F0MpVSsBQzAlwnx6189dY=",
      "requires": {
        "audio-buffer": "^3.0.0",
        "audio-buffer-utils": "^4.1.1",
        "inherits": "^2.0.3",
        "is-audio-buffer": "^1.0.5",
        "is-plain-obj": "^1.1.0",
        "negative-index": "^1.0.2",
        "object-assign": "^4.1.1"
      },
      "dependencies": {
        "audio-buffer": {
          "version": "3.2.1",
          "resolved": "https://registry.npmjs.org/audio-buffer/-/audio-buffer-3.2.1.tgz",
          "integrity": "sha1-y/8sFXf7CvxckjKQLVQ7L5bdQz0=",
          "requires": {
            "audio-context": "^1.0.0",
            "buffer-to-arraybuffer": "^0.0.5",
            "is-audio-buffer": "^1.0.1",
            "is-browser": "^2.0.1",
            "is-buffer": "^1.1.0",
            "is-plain-obj": "^1.1.0"
          }
        }
      }
    },
    "audio-buffer-utils": {
      "version": "4.3.2",
      "resolved": "https://registry.npmjs.org/audio-buffer-utils/-/audio-buffer-utils-4.3.2.tgz",
      "integrity": "sha1-1VX67Y1s7rEgYZ45+mkTdPIQM4A=",
      "requires": {
        "audio-buffer": "^3.1.1",
        "audio-context": "^1.0.0",
        "clamp": "^1.0.1",
        "is-audio-buffer": "^1.0.0",
        "is-browser": "^2.0.1",
        "negative-index": "^1.0.2",
        "typedarray-methods": "^1.0.0"
      },
      "dependencies": {
        "audio-buffer": {
          "version": "3.2.1",
          "resolved": "https://registry.npmjs.org/audio-buffer/-/audio-buffer-3.2.1.tgz",
          "integrity": "sha1-y/8sFXf7CvxckjKQLVQ7L5bdQz0=",
          "requires": {
            "audio-context": "^1.0.0",
            "buffer-to-arraybuffer": "^0.0.5",
            "is-audio-buffer": "^1.0.1",
            "is-browser": "^2.0.1",
            "is-buffer": "^1.1.0",
            "is-plain-obj": "^1.1.0"
          }
        }
      }
    },
    "audio-context": {
      "version": "1.0.3",
      "resolved": "https://registry.npmjs.org/audio-context/-/audio-context-1.0.3.tgz",
      "integrity": "sha512-RH3/rM74f2ITlohhjgC7oYZVS97wtv/SEjXLCzEinnrIPIDxc39m2aFc6wmdkM0NYRKo1DMleYPMAIbnTRW0eA=="
    },
    "audio-generator": {
      "version": "2.1.2",
      "resolved": "https://registry.npmjs.org/audio-generator/-/audio-generator-2.1.2.tgz",
      "integrity": "sha1-lEhPofavlHuNoDhi9NzuhLe81ak=",
      "requires": {
        "audio-buffer": "^2.4.5",
        "audio-buffer-utils": "^4.0.0",
        "audio-through": "^2.0.1",
        "inherits": "^2.0.1",
        "pcm-util": "^2.0.3",
        "xtend": "^4.0.0"
      },
      "dependencies": {
        "audio-buffer": {
          "version": "2.4.6",
          "resolved": "https://registry.npmjs.org/audio-buffer/-/audio-buffer-2.4.6.tgz",
          "integrity": "sha1-L5e9srucpG0i07AdQzT0mSTromA=",
          "requires": {
            "audio-context": "^1.0.3",
            "buffer-to-arraybuffer": "^0.0.5",
            "is-audio-buffer": "^1.0.1",
            "is-browser": "^2.0.1",
            "is-buffer": "^1.1.0"
          }
        },
        "audio-context": {
          "version": "1.0.3",
          "resolved": "https://registry.npmjs.org/audio-context/-/audio-context-1.0.3.tgz",
          "integrity": "sha512-RH3/rM74f2ITlohhjgC7oYZVS97wtv/SEjXLCzEinnrIPIDxc39m2aFc6wmdkM0NYRKo1DMleYPMAIbnTRW0eA=="
        }
      }
    },
    "audio-through": {
      "version": "2.2.3",
      "resolved": "https://registry.npmjs.org/audio-through/-/audio-through-2.2.3.tgz",
      "integrity": "sha1-FPyMN7YT0chwz67gS/RFTCiVn78=",
      "requires": {
        "audio-buffer": "^3.1.1",
        "audio-context": "^1.0.0",
        "inherits": "^2.0.1",
        "is-audio-buffer": "^1.0.1",
        "is-promise": "^2.1.0",
        "object-assign": "^4.1.1",
        "pcm-util": "^2.0.1",
        "performance-now": "^2.1.0"
      },
      "dependencies": {
        "audio-buffer": {
          "version": "3.2.1",
          "resolved": "https://registry.npmjs.org/audio-buffer/-/audio-buffer-3.2.1.tgz",
          "integrity": "sha1-y/8sFXf7CvxckjKQLVQ7L5bdQz0=",
          "requires": {
            "audio-context": "^1.0.0",
            "buffer-to-arraybuffer": "^0.0.5",
            "is-audio-buffer": "^1.0.1",
            "is-browser": "^2.0.1",
            "is-buffer": "^1.1.0",
            "is-plain-obj": "^1.1.0"
          }
        }
      }
    },
    "bindings": {
      "version": "1.5.0",
      "resolved": "https://registry.npmjs.org/bindings/-/bindings-1.5.0.tgz",
      "integrity": "sha512-p2q/t/mhvuOj/UeLlV6566GD/guowlr0hHxClI0W9m7MWYkL1F0hLo+0Aexs9HSPCtR1SXQ0TD3MMKrXZajbiQ==",
      "requires": {
        "file-uri-to-path": "1.0.0"
      }
    },
    "buffer-alloc": {
      "version": "1.2.0",
      "resolved": "https://registry.npmjs.org/buffer-alloc/-/buffer-alloc-1.2.0.tgz",
      "integrity": "sha512-CFsHQgjtW1UChdXgbyJGtnm+O/uLQeZdtbDo8mfUgYXCHSM1wgrVxXm6bSyrUuErEb+4sYVGCzASBRot7zyrow==",
      "requires": {
        "buffer-alloc-unsafe": "^1.1.0",
        "buffer-fill": "^1.0.0"
      }
    },
    "buffer-alloc-unsafe": {
      "version": "1.1.0",
      "resolved": "https://registry.npmjs.org/buffer-alloc-unsafe/-/buffer-alloc-unsafe-1.1.0.tgz",
      "integrity": "sha512-TEM2iMIEQdJ2yjPJoSIsldnleVaAk1oW3DBVUykyOLsEsFmEc9kn+SFFPz+gl54KQNxlDnAwCXosOS9Okx2xAg=="
    },
    "buffer-fill": {
      "version": "1.0.0",
      "resolved": "https://registry.npmjs.org/buffer-fill/-/buffer-fill-1.0.0.tgz",
      "integrity": "sha1-+PeLdniYiO858gXNY39o5wISKyw="
    },
    "buffer-to-arraybuffer": {
      "version": "0.0.5",
      "resolved": "https://registry.npmjs.org/buffer-to-arraybuffer/-/buffer-to-arraybuffer-0.0.5.tgz",
      "integrity": "sha1-YGSkD6dutDxyOrqe+PbhIW0QURo="
    },
    "clamp": {
      "version": "1.0.1",
      "resolved": "https://registry.npmjs.org/clamp/-/clamp-1.0.1.tgz",
      "integrity": "sha1-ZqDmQBGBbjcZaCj9yMjBRzEshjQ="
    },
    "compute-gcd": {
      "version": "1.2.0",
      "resolved": "https://registry.npmjs.org/compute-gcd/-/compute-gcd-1.2.0.tgz",
      "integrity": "sha1-/B7eW2UAHpUCJlAvRlQ4Y+T+oQ4=",
      "requires": {
        "validate.io-array": "^1.0.3",
        "validate.io-function": "^1.0.2",
        "validate.io-integer-array": "^1.0.0"
      }
    },
    "compute-lcm": {
      "version": "1.1.0",
      "resolved": "https://registry.npmjs.org/compute-lcm/-/compute-lcm-1.1.0.tgz",
      "integrity": "sha1-q9ltBAtBsKFm+JlEtci3xRHiGtU=",
      "requires": {
        "compute-gcd": "^1.2.0",
        "validate.io-array": "^1.0.3",
        "validate.io-function": "^1.0.2",
        "validate.io-integer-array": "^1.0.0"
      }
    },
    "core-util-is": {
      "version": "1.0.2",
      "resolved": "https://registry.npmjs.org/core-util-is/-/core-util-is-1.0.2.tgz",
      "integrity": "sha1-tf1UIgqivFq1eqtxQMlAdUUDwac="
    },
    "data-uri-regex": {
      "version": "0.1.4",
      "resolved": "https://registry.npmjs.org/data-uri-regex/-/data-uri-regex-0.1.4.tgz",
      "integrity": "sha1-Hh22yDl+yopI7NtVrRuSfsC7rC4="
    },
    "debug": {
      "version": "3.2.6",
      "resolved": "https://registry.npmjs.org/debug/-/debug-3.2.6.tgz",
      "integrity": "sha512-mel+jf7nrtEl5Pn1Qx46zARXKDpBbvzezse7p7LqINmdoIk8PYP5SySaxEmYv6TZ0JyEKA1hsCId6DIhgITtWQ==",
      "requires": {
        "ms": "^2.1.1"
      }
    },
    "emitter-component": {
      "version": "1.1.1",
      "resolved": "https://registry.npmjs.org/emitter-component/-/emitter-component-1.1.1.tgz",
      "integrity": "sha1-Bl4tvtaVm/RwZ57avq95gdEAOrY="
    },
    "fft.js": {
      "version": "4.0.3",
      "resolved": "https://registry.npmjs.org/fft.js/-/fft.js-4.0.3.tgz",
      "integrity": "sha1-sAhO+pQYj+vdHP/mhpH0yFoPuMs="
    },
    "file-uri-to-path": {
      "version": "1.0.0",
      "resolved": "https://registry.npmjs.org/file-uri-to-path/-/file-uri-to-path-1.0.0.tgz",
      "integrity": "sha512-0Zt+s3L7Vf1biwWZ29aARiVYLx7iMGnEUl9x33fbB/j3jR81u/O2LbqK+Bm1CDSNDKVtJ/YjwY7TUd5SkeLQLw=="
    },
    "hammerjs": {
      "version": "2.0.8",
      "resolved": "https://registry.npmjs.org/hammerjs/-/hammerjs-2.0.8.tgz",
      "integrity": "sha1-BO93hiz/K7edMPdpIJWTAiK/YPE="
    },
    "inherits": {
      "version": "2.0.3",
      "resolved": "https://registry.npmjs.org/inherits/-/inherits-2.0.3.tgz",
      "integrity": "sha1-Yzwsg+PaQqUC9SRmAiSA9CCCYd4="
    },
    "is-audio-buffer": {
      "version": "1.1.0",
      "resolved": "https://registry.npmjs.org/is-audio-buffer/-/is-audio-buffer-1.1.0.tgz",
      "integrity": "sha512-fmPC/dizJmP4ITCsW5oTQGMJ9wZVE+A/zAe6FQo3XwgERxmXHmm3ON5XkWDAxmyxvsrDmWx3NArpSgamp/59AA=="
    },
    "is-browser": {
      "version": "2.1.0",
      "resolved": "https://registry.npmjs.org/is-browser/-/is-browser-2.1.0.tgz",
      "integrity": "sha512-F5rTJxDQ2sW81fcfOR1GnCXT6sVJC104fCyfj+mjpwNEwaPYSn5fte5jiHmBg3DHsIoL/l8Kvw5VN5SsTRcRFQ=="
    },
    "is-buffer": {
      "version": "1.1.6",
      "resolved": "https://registry.npmjs.org/is-buffer/-/is-buffer-1.1.6.tgz",
      "integrity": "sha512-NcdALwpXkTm5Zvvbk7owOUSvVvBKDgKP5/ewfXEznmQFfs4ZRmanOeKBTjRVjka3QFoN6XJ+9F3USqfHqTaU5w=="
    },
    "is-data-uri": {
      "version": "0.1.0",
      "resolved": "https://registry.npmjs.org/is-data-uri/-/is-data-uri-0.1.0.tgz",
      "integrity": "sha1-Ru5ntjwYwf+gvU36ss0sgccoI38=",
      "requires": {
        "data-uri-regex": "^0.1.2"
      }
    },
    "is-plain-obj": {
      "version": "1.1.0",
      "resolved": "https://registry.npmjs.org/is-plain-obj/-/is-plain-obj-1.1.0.tgz",
      "integrity": "sha1-caUMhCnfync8kqOQpKA7OfzVHT4="
    },
    "is-promise": {
      "version": "2.1.0",
      "resolved": "https://registry.npmjs.org/is-promise/-/is-promise-2.1.0.tgz",
      "integrity": "sha1-eaKp7OfwlugPNtKy87wWwf9L8/o="
    },
    "isarray": {
      "version": "1.0.0",
      "resolved": "https://registry.npmjs.org/isarray/-/isarray-1.0.0.tgz",
      "integrity": "sha1-u5NdSFgsuhaMBoNJV6VKPgcSTxE="
    },
    "keycharm": {
      "version": "0.2.0",
      "resolved": "https://registry.npmjs.org/keycharm/-/keycharm-0.2.0.tgz",
      "integrity": "sha1-+m6i5DuQpoAohD0n8gddNajD5vk="
    },
    "minimist": {
      "version": "1.2.0",
      "resolved": "https://registry.npmjs.org/minimist/-/minimist-1.2.0.tgz",
      "integrity": "sha1-o1AIsg9BOD7sH7kU9M1d95omQoQ="
    },
    "moment": {
      "version": "2.24.0",
      "resolved": "https://registry.npmjs.org/moment/-/moment-2.24.0.tgz",
      "integrity": "sha512-bV7f+6l2QigeBBZSM/6yTNq4P2fNpSWj/0e7jQcy87A8e7o2nAfP/34/2ky5Vw4B9S446EtIhodAzkFCcR4dQg=="
    },
    "ms": {
      "version": "2.1.1",
      "resolved": "https://registry.npmjs.org/ms/-/ms-2.1.1.tgz",
      "integrity": "sha512-tgp+dl5cGk28utYktBsrFqA7HKgrhgPsg6Z/EfhWI4gl1Hwq8B/GmY/0oXZ6nF8hDVesS/FpnYaD/kOWhYQvyg=="
    },
    "nan": {
      "version": "2.13.2",
      "resolved": "https://registry.npmjs.org/nan/-/nan-2.13.2.tgz",
      "integrity": "sha512-TghvYc72wlMGMVMluVo9WRJc0mB8KxxF/gZ4YYFy7V2ZQX9l7rgbPg7vjS9mt6U5HXODVFVI2bOduCzwOMv/lw=="
    },
    "negative-index": {
      "version": "1.0.3",
      "resolved": "https://registry.npmjs.org/negative-index/-/negative-index-1.0.3.tgz",
      "integrity": "sha512-SzyzUmUYmerjD9gOEqizFRcDakY+Cf/59rOfqMi4bT212PN6g+jkUOjr/Sx9oOUOxi7qf6dsRwE0PPeRIq4DRw==",
      "requires": {
        "negative-zero": "^2.0.0"
      }
    },
    "negative-zero": {
      "version": "2.0.0",
      "resolved": "https://registry.npmjs.org/negative-zero/-/negative-zero-2.0.0.tgz",
      "integrity": "sha1-7jAaowFLQBgJFqGeN3kqN1ZwhVc="
    },
    "object-assign": {
      "version": "4.1.1",
      "resolved": "https://registry.npmjs.org/object-assign/-/object-assign-4.1.1.tgz",
      "integrity": "sha1-IQmtx5ZYh8/AXLvUQsrIv7s2CGM="
    },
    "pcm-util": {
      "version": "2.1.0",
      "resolved": "https://registry.npmjs.org/pcm-util/-/pcm-util-2.1.0.tgz",
      "integrity": "sha1-UazkawngEX+5L2VPYy3LLtnIYGU=",
      "requires": {
        "audio-buffer": "^3.0.0",
        "is-audio-buffer": "^1.0.1",
        "is-buffer": "^1.1.0",
        "to-array-buffer": "^1.0.0"
      },
      "dependencies": {
        "audio-buffer": {
          "version": "3.2.1",
          "resolved": "https://registry.npmjs.org/audio-buffer/-/audio-buffer-3.2.1.tgz",
          "integrity": "sha1-y/8sFXf7CvxckjKQLVQ7L5bdQz0=",
          "requires": {
            "audio-context": "^1.0.0",
            "buffer-to-arraybuffer": "^0.0.5",
            "is-audio-buffer": "^1.0.1",
            "is-browser": "^2.0.1",
            "is-buffer": "^1.1.0",
            "is-plain-obj": "^1.1.0"
          }
        }
      }
    },
    "performance-now": {
      "version": "2.1.0",
      "resolved": "https://registry.npmjs.org/performance-now/-/performance-now-2.1.0.tgz",
      "integrity": "sha1-Ywn04OX6kT7BxpMHrjZLSzd8nns="
    },
    "process-nextick-args": {
      "version": "2.0.0",
      "resolved": "https://registry.npmjs.org/process-nextick-args/-/process-nextick-args-2.0.0.tgz",
      "integrity": "sha512-MtEC1TqN0EU5nephaJ4rAtThHtC86dNN9qCuEhtshvpVBkAW5ZO7BASN9REnF9eoXGcRub+pFuKEpOHE+HbEMw=="
    },
    "promise": {
      "version": "8.0.2",
      "resolved": "https://registry.npmjs.org/promise/-/promise-8.0.2.tgz",
      "integrity": "sha512-EIyzM39FpVOMbqgzEHhxdrEhtOSDOtjMZQ0M6iVfCE+kWNgCkAyOdnuCWqfmflylftfadU6FkiMgHZA2kUzwRw==",
      "requires": {
        "asap": "~2.0.6"
      }
    },
    "propagating-hammerjs": {
      "version": "1.4.6",
      "resolved": "https://registry.npmjs.org/propagating-hammerjs/-/propagating-hammerjs-1.4.6.tgz",
      "integrity": "sha1-/tAOmwB2f/1C0U9bUxvEk+tnLjc=",
      "requires": {
        "hammerjs": "^2.0.6"
      }
    },
    "pull-stream": {
      "version": "3.6.9",
      "resolved": "https://registry.npmjs.org/pull-stream/-/pull-stream-3.6.9.tgz",
      "integrity": "sha512-hJn4POeBrkttshdNl0AoSCVjMVSuBwuHocMerUdoZ2+oIUzrWHFTwJMlbHND7OiKLVgvz6TFj8ZUVywUMXccbw=="
    },
    "readable-stream": {
      "version": "2.3.6",
      "resolved": "https://registry.npmjs.org/readable-stream/-/readable-stream-2.3.6.tgz",
      "integrity": "sha512-tQtKA9WIAhBF3+VLAseyMqZeBjW0AHJoxOtYqSUZNJxauErmLbVm2FW1y+J/YA9dUrAC39ITejlZWhVIwawkKw==",
      "requires": {
        "core-util-is": "~1.0.0",
        "inherits": "~2.0.3",
        "isarray": "~1.0.0",
        "process-nextick-args": "~2.0.0",
        "safe-buffer": "~5.1.1",
        "string_decoder": "~1.1.1",
        "util-deprecate": "~1.0.1"
      }
    },
    "safe-buffer": {
      "version": "5.1.2",
      "resolved": "https://registry.npmjs.org/safe-buffer/-/safe-buffer-5.1.2.tgz",
      "integrity": "sha512-Gd2UZBJDkXlY7GbJxfsE8/nvKkUEU1G38c1siN6QP6a9PT9MmHB8GnpscSmMJSoF8LOIrt8ud/wPtojys4G6+g=="
    },
    "speaker": {
      "version": "0.4.1",
      "resolved": "https://registry.npmjs.org/speaker/-/speaker-0.4.1.tgz",
      "integrity": "sha512-n5ef+ti/tRUpo5zUTeQ6zNGVb1i19gNBVbaRcr5s/RzzAILfA+bcJsJSClXCCydSmU4GArUgkFdFUfJTxA2SCA==",
      "requires": {
        "bindings": "^1.3.0",
        "buffer-alloc": "^1.1.0",
        "debug": "^3.0.1",
        "nan": "^2.6.2",
        "readable-stream": "^2.3.3"
      }
    },
    "string_decoder": {
      "version": "1.1.1",
      "resolved": "https://registry.npmjs.org/string_decoder/-/string_decoder-1.1.1.tgz",
      "integrity": "sha512-n/ShnvDi6FHbbVfviro+WojiFzv+s8MPMHBczVePfUpDJLwoLT0ht1l4YwBCbi8pJAveEEdnkHyPyTP/mzRfwg==",
      "requires": {
        "safe-buffer": "~5.1.0"
      }
    },
    "to-array-buffer": {
      "version": "1.2.4",
      "resolved": "https://registry.npmjs.org/to-array-buffer/-/to-array-buffer-1.2.4.tgz",
      "integrity": "sha1-fv3DGUpaDSsLqT+6nT7cM6EllHM=",
      "requires": {
        "atob-lite": "^1.0.0",
        "is-audio-buffer": "^1.0.1",
        "is-data-uri": "^0.1.0"
      }
    },
    "typedarray-methods": {
      "version": "1.0.1",
      "resolved": "https://registry.npmjs.org/typedarray-methods/-/typedarray-methods-1.0.1.tgz",
      "integrity": "sha512-fstWAa225OZ856/4npMqgJP6U1U3vTWnqkn9wokZXzME9pORW9dV8u/v1VRGpo584udKMvCIYlNXzKoIb+UUGg=="
    },
    "util-deprecate": {
      "version": "1.0.2",
      "resolved": "https://registry.npmjs.org/util-deprecate/-/util-deprecate-1.0.2.tgz",
      "integrity": "sha1-RQ1Nyfpw3nMnYvvS1KKJgUGaDM8="
    },
    "validate.io-array": {
      "version": "1.0.6",
      "resolved": "https://registry.npmjs.org/validate.io-array/-/validate.io-array-1.0.6.tgz",
      "integrity": "sha1-W1osr9j4uFq7L4hroVPy2Tond00="
    },
    "validate.io-function": {
      "version": "1.0.2",
      "resolved": "https://registry.npmjs.org/validate.io-function/-/validate.io-function-1.0.2.tgz",
      "integrity": "sha1-NDoZgC7TsZaCaceA5VjpNBHAutc="
    },
    "validate.io-integer": {
      "version": "1.0.5",
      "resolved": "https://registry.npmjs.org/validate.io-integer/-/validate.io-integer-1.0.5.tgz",
      "integrity": "sha1-FoSWSAuVviJH7EQ/IjPeT4mHgGg=",
      "requires": {
        "validate.io-number": "^1.0.3"
      }
    },
    "validate.io-integer-array": {
      "version": "1.0.0",
      "resolved": "https://registry.npmjs.org/validate.io-integer-array/-/validate.io-integer-array-1.0.0.tgz",
      "integrity": "sha1-LKveAzKTpry+Bj/q/pHq9GsToIk=",
      "requires": {
        "validate.io-array": "^1.0.3",
        "validate.io-integer": "^1.0.4"
      }
    },
    "validate.io-number": {
      "version": "1.0.3",
      "resolved": "https://registry.npmjs.org/validate.io-number/-/validate.io-number-1.0.3.tgz",
      "integrity": "sha1-9j/+2iSL8opnqNSODjtGGhZluvg="
    },
    "vis": {
      "version": "4.21.0",
      "resolved": "https://registry.npmjs.org/vis/-/vis-4.21.0.tgz",
      "integrity": "sha1-3XFji/9/ZJXQC8n0DCU1JhM97Ws=",
      "requires": {
        "emitter-component": "^1.1.1",
        "hammerjs": "^2.0.8",
        "keycharm": "^0.2.0",
        "moment": "^2.18.1",
        "propagating-hammerjs": "^1.4.6"
      }
    },
    "web-audio-stream": {
      "version": "3.0.1",
      "resolved": "https://registry.npmjs.org/web-audio-stream/-/web-audio-stream-3.0.1.tgz",
      "integrity": "sha1-sR0bHKzhYepKCYwm9nRK/K3HCw4=",
      "requires": {
        "audio-buffer-list": "^2.0.6",
        "audio-buffer-utils": "^4.3.0",
        "audio-context": "^1.0.0",
        "inherits": "^2.0.1",
        "is-audio-buffer": "^1.0.1",
        "is-plain-obj": "^1.1.0",
        "object-assign": "^4.1.1",
        "pcm-util": "^2.1.0",
        "pull-stream": "^3.4.4"
      }
    },
    "xtend": {
      "version": "4.0.1",
      "resolved": "https://registry.npmjs.org/xtend/-/xtend-4.0.1.tgz",
      "integrity": "sha1-pcbVMr5lbiPbgg77lDofBJmNY68="
    }
  }
}
