# THIS IS AN AUTOGENERATED FILE. DO NOT EDIT THIS FILE DIRECTLY.
# yarn lockfile v1


asap@~2.0.6:
  version "2.0.6"
  resolved "https://registry.yarnpkg.com/asap/-/asap-2.0.6.tgz#e50347611d7e690943208bbdafebcbc2fb866d46"
  integrity sha1-5QNHYR1+aQlDIIu9r+vLwvuGbUY=

atob-lite@^1.0.0:
  version "1.0.0"
  resolved "https://registry.yarnpkg.com/atob-lite/-/atob-lite-1.0.0.tgz#b88dca6006922b962094f7556826bab31c4a296b"
  integrity sha1-uI3KYAaSK5YglPdVaCa6sxxKKWs=

audio-buffer-list@^2.0.6:
  version "2.0.7"
  resolved "https://registry.yarnpkg.com/audio-buffer-list/-/audio-buffer-list-2.0.7.tgz#88be6e835174329552b01433025c27c7ad7cf5d6"
  integrity sha1-iL5ug1F0MpVSsBQzAlwnx6189dY=
  dependencies:
    audio-buffer "^3.0.0"
    audio-buffer-utils "^4.1.1"
    inherits "^2.0.3"
    is-audio-buffer "^1.0.5"
    is-plain-obj "^1.1.0"
    negative-index "^1.0.2"
    object-assign "^4.1.1"

audio-buffer-utils@^4.0.0, audio-buffer-utils@^4.1.1, audio-buffer-utils@^4.3.0:
  version "4.3.2"
  resolved "https://registry.yarnpkg.com/audio-buffer-utils/-/audio-buffer-utils-4.3.2.tgz#d555faed8d6ceeb120619e39fa691374f2103380"
  integrity sha1-1VX67Y1s7rEgYZ45+mkTdPIQM4A=
  dependencies:
    audio-buffer "^3.1.1"
    audio-context "^1.0.0"
    clamp "^1.0.1"
    is-audio-buffer "^1.0.0"
    is-browser "^2.0.1"
    negative-index "^1.0.2"
    typedarray-methods "^1.0.0"

audio-buffer@^2.4.5:
  version "2.4.6"
  resolved "https://registry.yarnpkg.com/audio-buffer/-/audio-buffer-2.4.6.tgz#2f97bdb2bb9ca46d22d3b01d4334f49924eba260"
  integrity sha1-L5e9srucpG0i07AdQzT0mSTromA=
  dependencies:
    audio-context latest
    buffer-to-arraybuffer latest
    is-audio-buffer "^1.0.1"
    is-browser "^2.0.1"
    is-buffer "^1.1.0"

audio-buffer@^3.0.0, audio-buffer@^3.1.1:
  version "3.2.1"
  resolved "https://registry.yarnpkg.com/audio-buffer/-/audio-buffer-3.2.1.tgz#cbff2c1577fb0afc5c9232902d543b2f96dd433d"
  integrity sha1-y/8sFXf7CvxckjKQLVQ7L5bdQz0=
  dependencies:
    audio-context "^1.0.0"
    buffer-to-arraybuffer latest
    is-audio-buffer "^1.0.1"
    is-browser "^2.0.1"
    is-buffer "^1.1.0"
    is-plain-obj "^1.1.0"

audio-buffer@^4.0.4:
  version "4.0.4"
  resolved "https://registry.yarnpkg.com/audio-buffer/-/audio-buffer-4.0.4.tgz#cdb03855a951a1c2931ac1e7b00a9d9d3a4d4858"
  integrity sha512-phH+MR3G+N/PO5ZKKxx7HlU6vJwAJFa0+FCaTjr/4lUZU/RCjUTqlk3nMJTRy5+b+6cbx8m//EtwZOVI5Ht9+w==
  dependencies:
    audio-context "^1.0.0"

audio-context@^1.0.0, audio-context@latest:
  version "1.0.3"
  resolved "https://registry.yarnpkg.com/audio-context/-/audio-context-1.0.3.tgz#aae5636691a8cdc15fc91059704cbc7c2fb7abf9"
  integrity sha512-RH3/rM74f2ITlohhjgC7oYZVS97wtv/SEjXLCzEinnrIPIDxc39m2aFc6wmdkM0NYRKo1DMleYPMAIbnTRW0eA==

audio-generator@^2.1.2:
  version "2.1.2"
  resolved "https://registry.yarnpkg.com/audio-generator/-/audio-generator-2.1.2.tgz#94484fa1f6af947b8da03862f4dcee84b7bcd5a9"
  integrity sha1-lEhPofavlHuNoDhi9NzuhLe81ak=
  dependencies:
    audio-buffer "^2.4.5"
    audio-buffer-utils "^4.0.0"
    audio-through "^2.0.1"
    inherits "^2.0.1"
    pcm-util "^2.0.3"
    xtend "^4.0.0"

audio-through@^2.0.1:
  version "2.2.3"
  resolved "https://registry.yarnpkg.com/audio-through/-/audio-through-2.2.3.tgz#14fc8c37b613d1c870cfaee04bf4454c28959fbf"
  integrity sha1-FPyMN7YT0chwz67gS/RFTCiVn78=
  dependencies:
    audio-buffer "^3.1.1"
    audio-context "^1.0.0"
    inherits "^2.0.1"
    is-audio-buffer "^1.0.1"
    is-promise "^2.1.0"
    object-assign "^4.1.1"
    pcm-util "^2.0.1"
    performance-now "^2.1.0"

buffer-to-arraybuffer@latest:
  version "0.0.6"
  resolved "https://registry.yarnpkg.com/buffer-to-arraybuffer/-/buffer-to-arraybuffer-0.0.6.tgz#7aaef87ce8441146b4874142c1197e34f9a9c995"
  integrity sha512-i/ndmmCF5QC1D75QCO1EPwYRPIVRVs2yLwkl2bc8R5P1ORHGZZAbTwmYM/vpXt7KzCe+Y57E8YPGTJywgWBNRw==

clamp@^1.0.1:
  version "1.0.1"
  resolved "https://registry.yarnpkg.com/clamp/-/clamp-1.0.1.tgz#66a0e64011816e37196828fdc8c8c147312c8634"
  integrity sha1-ZqDmQBGBbjcZaCj9yMjBRzEshjQ=

compute-gcd@^1.2.0, compute-gcd@^1.2.1:
  version "1.2.1"
  resolved "https://registry.yarnpkg.com/compute-gcd/-/compute-gcd-1.2.1.tgz#34d639f3825625e1357ce81f0e456a6249d8c77f"
  integrity sha512-TwMbxBNz0l71+8Sc4czv13h4kEqnchV9igQZBi6QUaz09dnz13juGnnaWWJTRsP3brxOoxeB4SA2WELLw1hCtg==
  dependencies:
    validate.io-array "^1.0.3"
    validate.io-function "^1.0.2"
    validate.io-integer-array "^1.0.0"

compute-lcm@^1.1.0:
  version "1.1.2"
  resolved "https://registry.yarnpkg.com/compute-lcm/-/compute-lcm-1.1.2.tgz#9107c66b9dca28cefb22b4ab4545caac4034af23"
  integrity sha512-OFNPdQAXnQhDSKioX8/XYT6sdUlXwpeMjfd6ApxMJfyZ4GxmLR1xvMERctlYhlHwIiz6CSpBc2+qYKjHGZw4TQ==
  dependencies:
    compute-gcd "^1.2.1"
    validate.io-array "^1.0.3"
    validate.io-function "^1.0.2"
    validate.io-integer-array "^1.0.0"

data-uri-regex@^0.1.2:
  version "0.1.4"
  resolved "https://registry.yarnpkg.com/data-uri-regex/-/data-uri-regex-0.1.4.tgz#1e1db6c8397eca8a48ecdb55ad1b927ec0bbac2e"
  integrity sha1-Hh22yDl+yopI7NtVrRuSfsC7rC4=

fft.js@^4.0.3:
  version "4.0.4"
  resolved "https://registry.yarnpkg.com/fft.js/-/fft.js-4.0.4.tgz#ffed83a397e58039141c804c1dbe1910dced8e6e"
  integrity sha512-f9c00hphOgeQTlDyavwTtu6RiK8AIFjD6+jvXkNkpeQ7rirK3uFWVpalkoS4LAwbdX7mfZ8aoBfFVQX1Re/8aw==

inherits@^2.0.1, inherits@^2.0.3:
  version "2.0.4"
  resolved "https://registry.yarnpkg.com/inherits/-/inherits-2.0.4.tgz#0fa2c64f932917c3433a0ded55363aae37416b7c"
  integrity sha512-k/vGaX4/Yla3WzyMCvTQOXYeIHvqOKtnqBduzTHpzpQZzAskKMhZ2K+EnBiSM9zGSoIFeMpXKxa4dYeZIQqewQ==

is-audio-buffer@^1.0.0, is-audio-buffer@^1.0.1, is-audio-buffer@^1.0.5:
  version "1.1.0"
  resolved "https://registry.yarnpkg.com/is-audio-buffer/-/is-audio-buffer-1.1.0.tgz#f4c7f274d20180f993f9b1650768cb77bedd4470"
  integrity sha512-fmPC/dizJmP4ITCsW5oTQGMJ9wZVE+A/zAe6FQo3XwgERxmXHmm3ON5XkWDAxmyxvsrDmWx3NArpSgamp/59AA==

is-browser@^2.0.1:
  version "2.1.0"
  resolved "https://registry.yarnpkg.com/is-browser/-/is-browser-2.1.0.tgz#fc084d59a5fced307d6708c59356bad7007371a9"
  integrity sha512-F5rTJxDQ2sW81fcfOR1GnCXT6sVJC104fCyfj+mjpwNEwaPYSn5fte5jiHmBg3DHsIoL/l8Kvw5VN5SsTRcRFQ==

is-buffer@^1.1.0:
  version "1.1.6"
  resolved "https://registry.yarnpkg.com/is-buffer/-/is-buffer-1.1.6.tgz#efaa2ea9daa0d7ab2ea13a97b2b8ad51fefbe8be"
  integrity sha512-NcdALwpXkTm5Zvvbk7owOUSvVvBKDgKP5/ewfXEznmQFfs4ZRmanOeKBTjRVjka3QFoN6XJ+9F3USqfHqTaU5w==

is-data-uri@^0.1.0:
  version "0.1.0"
  resolved "https://registry.yarnpkg.com/is-data-uri/-/is-data-uri-0.1.0.tgz#46ee67b63c18c1ffa0bd4dfab2cd2c81c728237f"
  integrity sha1-Ru5ntjwYwf+gvU36ss0sgccoI38=
  dependencies:
    data-uri-regex "^0.1.2"

is-plain-obj@^1.1.0:
  version "1.1.0"
  resolved "https://registry.yarnpkg.com/is-plain-obj/-/is-plain-obj-1.1.0.tgz#71a50c8429dfca773c92a390a4a03b39fcd51d3e"
  integrity sha1-caUMhCnfync8kqOQpKA7OfzVHT4=

is-promise@^2.1.0:
  version "2.2.2"
  resolved "https://registry.yarnpkg.com/is-promise/-/is-promise-2.2.2.tgz#39ab959ccbf9a774cf079f7b40c7a26f763135f1"
  integrity sha512-+lP4/6lKUBfQjZ2pdxThZvLUAafmZb8OAxFb8XXtiQmS35INgr85hdOGoEs124ez1FCnZJt6jau/T+alh58QFQ==

minimist@^1.2.0:
  version "1.2.5"
  resolved "https://registry.yarnpkg.com/minimist/-/minimist-1.2.5.tgz#67d66014b66a6a8aaa0c083c5fd58df4e4e97602"
  integrity sha512-FM9nNUYrRBAELZQT3xeZQ7fmMOBg6nWNmJKTcgsJeaLstP/UODVpGsr5OhXhhXg6f+qtJ8uiZ+PUxkDWcgIXLw==

negative-index@^1.0.2:
  version "1.0.3"
  resolved "https://registry.yarnpkg.com/negative-index/-/negative-index-1.0.3.tgz#d5cd63255dedf1f7894e1513a8b9526c7af387af"
  integrity sha512-SzyzUmUYmerjD9gOEqizFRcDakY+Cf/59rOfqMi4bT212PN6g+jkUOjr/Sx9oOUOxi7qf6dsRwE0PPeRIq4DRw==
  dependencies:
    negative-zero "^2.0.0"

negative-zero@^2.0.0:
  version "2.0.0"
  resolved "https://registry.yarnpkg.com/negative-zero/-/negative-zero-2.0.0.tgz#ee301aa3014b40180916a19e37792a3756708557"
  integrity sha1-7jAaowFLQBgJFqGeN3kqN1ZwhVc=

object-assign@^4.1.1:
  version "4.1.1"
  resolved "https://registry.yarnpkg.com/object-assign/-/object-assign-4.1.1.tgz#2109adc7965887cfc05cbbd442cac8bfbb360863"
  integrity sha1-IQmtx5ZYh8/AXLvUQsrIv7s2CGM=

pcm-util@^2.0.1, pcm-util@^2.0.3, pcm-util@^2.1.0:
  version "2.1.0"
  resolved "https://registry.yarnpkg.com/pcm-util/-/pcm-util-2.1.0.tgz#51ace46b09e0117fb92f654f632dcb2ed9c86065"
  integrity sha1-UazkawngEX+5L2VPYy3LLtnIYGU=
  dependencies:
    audio-buffer "^3.0.0"
    is-audio-buffer "^1.0.1"
    is-buffer "^1.1.0"
    to-array-buffer "^1.0.0"

performance-now@^2.1.0:
  version "2.1.0"
  resolved "https://registry.yarnpkg.com/performance-now/-/performance-now-2.1.0.tgz#6309f4e0e5fa913ec1c69307ae364b4b377c9e7b"
  integrity sha1-Ywn04OX6kT7BxpMHrjZLSzd8nns=

promise@^8.0.2:
  version "8.1.0"
  resolved "https://registry.yarnpkg.com/promise/-/promise-8.1.0.tgz#697c25c3dfe7435dd79fcd58c38a135888eaf05e"
  integrity sha512-W04AqnILOL/sPRXziNicCjSNRruLAuIHEOVBazepu0545DDNGYHz7ar9ZgZ1fMU8/MA4mVxp5rkBWRi6OXIy3Q==
  dependencies:
    asap "~2.0.6"

pull-stream@^3.4.4:
  version "3.6.14"
  resolved "https://registry.yarnpkg.com/pull-stream/-/pull-stream-3.6.14.tgz#529dbd5b86131f4a5ed636fdf7f6af00781357ee"
  integrity sha512-KIqdvpqHHaTUA2mCYcLG1ibEbu/LCKoJZsBWyv9lSYtPkJPBq8m3Hxa103xHi6D2thj5YXa0TqK3L3GUkwgnew==

to-array-buffer@^1.0.0:
  version "1.2.4"
  resolved "https://registry.yarnpkg.com/to-array-buffer/-/to-array-buffer-1.2.4.tgz#7efdc3194a5a0d2b0ba93fba9d3edc33a1259473"
  integrity sha1-fv3DGUpaDSsLqT+6nT7cM6EllHM=
  dependencies:
    atob-lite "^1.0.0"
    is-audio-buffer "^1.0.1"
    is-data-uri "^0.1.0"

typedarray-methods@^1.0.0:
  version "1.0.1"
  resolved "https://registry.yarnpkg.com/typedarray-methods/-/typedarray-methods-1.0.1.tgz#ac8cabd143ece9e578e4efa4a80b89a7543aa226"
  integrity sha512-fstWAa225OZ856/4npMqgJP6U1U3vTWnqkn9wokZXzME9pORW9dV8u/v1VRGpo584udKMvCIYlNXzKoIb+UUGg==

validate.io-array@^1.0.3:
  version "1.0.6"
  resolved "https://registry.yarnpkg.com/validate.io-array/-/validate.io-array-1.0.6.tgz#5b5a2cafd8f8b85abb2f886ba153f2d93a27774d"
  integrity sha1-W1osr9j4uFq7L4hroVPy2Tond00=

validate.io-function@^1.0.2:
  version "1.0.2"
  resolved "https://registry.yarnpkg.com/validate.io-function/-/validate.io-function-1.0.2.tgz#343a19802ed3b1968269c780e558e93411c0bad7"
  integrity sha1-NDoZgC7TsZaCaceA5VjpNBHAutc=

validate.io-integer-array@^1.0.0:
  version "1.0.0"
  resolved "https://registry.yarnpkg.com/validate.io-integer-array/-/validate.io-integer-array-1.0.0.tgz#2cabde033293a6bcbe063feafe91eaf46b13a089"
  integrity sha1-LKveAzKTpry+Bj/q/pHq9GsToIk=
  dependencies:
    validate.io-array "^1.0.3"
    validate.io-integer "^1.0.4"

validate.io-integer@^1.0.4:
  version "1.0.5"
  resolved "https://registry.yarnpkg.com/validate.io-integer/-/validate.io-integer-1.0.5.tgz#168496480b95be2247ec443f2233de4f89878068"
  integrity sha1-FoSWSAuVviJH7EQ/IjPeT4mHgGg=
  dependencies:
    validate.io-number "^1.0.3"

validate.io-number@^1.0.3:
  version "1.0.3"
  resolved "https://registry.yarnpkg.com/validate.io-number/-/validate.io-number-1.0.3.tgz#f63ffeda248bf28a67a8d48e0e3b461a1665baf8"
  integrity sha1-9j/+2iSL8opnqNSODjtGGhZluvg=

web-audio-stream@^3.0.1:
  version "3.0.1"
  resolved "https://registry.yarnpkg.com/web-audio-stream/-/web-audio-stream-3.0.1.tgz#b11d1b1cace161ea4a098c26f6744afcadc70b0e"
  integrity sha1-sR0bHKzhYepKCYwm9nRK/K3HCw4=
  dependencies:
    audio-buffer-list "^2.0.6"
    audio-buffer-utils "^4.3.0"
    audio-context "^1.0.0"
    inherits "^2.0.1"
    is-audio-buffer "^1.0.1"
    is-plain-obj "^1.1.0"
    object-assign "^4.1.1"
    pcm-util "^2.1.0"
    pull-stream "^3.4.4"

xtend@^4.0.0:
  version "4.0.2"
  resolved "https://registry.yarnpkg.com/xtend/-/xtend-4.0.2.tgz#bb72779f5fa465186b1f438f674fa347fdb5db54"
  integrity sha512-LKYU1iAXJXUgAXn9URjiu+MWhyUXHsvfp7mcuYm9dSUKK0/CjtrUwFAxD82/mCWbtLsGjFIad0wIsod4zrTAEQ==
